<?xml version="1.0" encoding="utf-8"?>
<Project ToolsVersion="4.0" xmlns="http://schemas.microsoft.com/developer/msbuild/2003">
  <ItemGroup>
    <Filter Include="리소스 파일">
      <UniqueIdentifier>{67DA6AB6-F800-4c08-8B7A-83BB121AAD01}</UniqueIdentifier>
      <Extensions>rc;ico;cur;bmp;dlg;rc2;rct;bin;rgs;gif;jpg;jpeg;jpe;resx;tiff;tif;png;wav;mfcribbon-ms</Extensions>
    </Filter>
    <Filter Include="Others">
      <UniqueIdentifier>{09e0f6c8-b5db-4670-8fa1-d3c544282efe}</UniqueIdentifier>
    </Filter>
    <Filter Include="Server">
      <UniqueIdentifier>{943cbc57-3d33-40b3-9793-cf060efa7170}</UniqueIdentifier>
    </Filter>
    <Filter Include="Packet">
      <UniqueIdentifier>{01014a2e-a8dc-4c4e-b97b-7bb1a087d3b2}</UniqueIdentifier>
    </Filter>
    <Filter Include="Lobby">
      <UniqueIdentifier>{564edd8e-74ed-43ce-bc32-fc35e649a2e2}</UniqueIdentifier>
    </Filter>
    <Filter Include="Room">
      <UniqueIdentifier>{d1b3d690-d798-46cd-aa50-0f961fa13009}</UniqueIdentifier>
    </Filter>
    <Filter Include="RoomManager">
      <UniqueIdentifier>{377c6b20-f1b0-4a25-8f56-142f4770a143}</UniqueIdentifier>
    </Filter>
    <Filter Include="User">
      <UniqueIdentifier>{d28238ee-d36e-42aa-ac90-f2b0e25e3fe0}</UniqueIdentifier>
    </Filter>
    <Filter Include="UserManager">
      <UniqueIdentifier>{2fdd61ed-476b-44cb-a154-07d80e6a4849}</UniqueIdentifier>
    </Filter>
  </ItemGroup>
  <ItemGroup>
    <ClInclude Include="ChatServer.h">
      <Filter>Server</Filter>
    </ClInclude>
    <ClInclude Include="stdafx.h">
      <Filter>Others</Filter>
    </ClInclude>
    <ClInclude Include="targetver.h">
      <Filter>Others</Filter>
    </ClInclude>
    <ClInclude Include="PT_WritePacket.h">
      <Filter>Packet</Filter>
    </ClInclude>
    <ClInclude Include="PT_ReadPacket.h">
      <Filter>Packet</Filter>
    </ClInclude>
    <ClInclude Include="Lobby.h">
      <Filter>Lobby</Filter>
    </ClInclude>
    <ClInclude Include="Room.h">
      <Filter>Room</Filter>
    </ClInclude>
    <ClInclude Include="RoomManager.h">
      <Filter>RoomManager</Filter>
    </ClInclude>
    <ClInclude Include="User.h">
      <Filter>User</Filter>
    </ClInclude>
    <ClInclude Include="UserManager.h">
      <Filter>UserManager</Filter>
    </ClInclude>
  </ItemGroup>
  <ItemGroup>
    <ClCompile Include="ChatServer.cpp">
      <Filter>Server</Filter>
    </ClCompile>
    <ClCompile Include="REOEngine_Server.cpp">
      <Filter>Others</Filter>
    </ClCompile>
    <ClCompile Include="stdafx.cpp">
      <Filter>Others</Filter>
    </ClCompile>
    <ClCompile Include="Lobby.cpp">
      <Filter>Lobby</Filter>
    </ClCompile>
    <ClCompile Include="Room.cpp">
      <Filter>Room</Filter>
    </ClCompile>
    <ClCompile Include="RoomManager.cpp">
      <Filter>RoomManager</Filter>
    </ClCompile>
    <ClCompile Include="User.cpp">
      <Filter>User</Filter>
    </ClCompile>
    <ClCompile Include="UserManager.cpp">
      <Filter>UserManager</Filter>
    </ClCompile>
  </ItemGroup>
  <ItemGroup>
    <Text Include="ReadMe.txt">
      <Filter>Others</Filter>
    </Text>
  </ItemGroup>
</Project>